{
  "version": 4,
  "terraform_version": "1.0.9",
  "serial": 36,
  "lineage": "796a037a-3b7d-d4d6-3971-8350e12171cf",
  "outputs": {
    "client_certificate": {
      "value": "",
      "type": "string"
    },
    "client_key": {
      "value": "",
      "type": "string",
      "sensitive": true
    },
    "cluster_ca_certificate": {
      "value": "-----BEGIN CERTIFICATE-----\nMIIELDCCApSgAwIBAgIQcgTTiS1700AVYpX9wATd4zANBgkqhkiG9w0BAQsFADAv\nMS0wKwYDVQQDEyRhZmMxNmM2NS0zMjU5LTQ1ZmMtYTQ5OS1jMzYyZTBjZTY0NDgw\nIBcNMjExMDI5MDI0MDQzWhgPMjA1MTEwMjIwMzQwNDNaMC8xLTArBgNVBAMTJGFm\nYzE2YzY1LTMyNTktNDVmYy1hNDk5LWMzNjJlMGNlNjQ0ODCCAaIwDQYJKoZIhvcN\nAQEBBQADggGPADCCAYoCggGBAMZEQMAzWewdhkDbNX/++C4U5a1ukJv8aT8qfWRX\nCbur5BNUnswKg5AmlKEajJnfm4IlvUpdIW5a+RD1gWbp0/EsqEBtEGP6vJpXYbZD\nsoGZ6M7wsISOlkid2+2ssnRXruOk6VnfXbBQDwfre7vD6aLgUr9pV2t1skG7hM+E\nQr9AR8JlfxiUtFXpTN6Y+albjSaJD3mNJ8BVXuzuSEIrhyU2F05/5kOWHeTPdZTX\nIo+7IzFvZXI6GQHRIOuq3+TGIZlPhzJcJ0fDK2+cv7nkI8t8LhJ9rkS6CBFJXuf/\ngMswqG3qn4BNVq17jx7PQbilfN84vdj8sSedN9HvZrIIB6/d7PLlCf64/+hL3Bdy\nj8S0+fIUzQftMc4aSarvdAmrwBqap2GOia1H8o7IxYzkvPIaReZGGQ3anYZSRaRM\nhMre9RbMonj16pcHQHpBh7SMqp88dwST0etdeRpM1LTUjlOLgK5k1iJCbm6B8J7p\nwA2+UPTMCOK6EwUS9kRxxWmIHQIDAQABo0IwQDAOBgNVHQ8BAf8EBAMCAgQwDwYD\nVR0TAQH/BAUwAwEB/zAdBgNVHQ4EFgQU299MkbOFYXYqE7Dr4Qd3UwhBbG0wDQYJ\nKoZIhvcNAQELBQADggGBAHPHt0Cul5zMjfomFBfIVWmff3q/qUyYx90Ns0x7Iiwz\nYG7uUZf0w1dWVnBQh8RbvC6BWM5uYEJ8G/rapjWj9RdboWF97SrLmdXw7PGZpzHo\n2rUJ9FQ/tqUIG7NCQ9RAsACiqAWx4gyHe5fA2jgPrDYpMB4fmNxrnwO9wFV+IXL5\niHxHcVJXR0tP8EYz1zLgfUbZc6QdKQrUJBR497pngoMBloodrIipRx4MF2N9gaV3\n37IZt1gPb3D7Nh5fy9b5WRXwESnSTFZ1HD1AKbX4nrlrjN0ZbBUkEhhJuvQOQajc\necOtRTb4zKNcLhd60n8kYjhWYxG8blP+bgK9113okSbbkzeJLU5Nj/9WsdemWD+/\nJPjb12Sk+bhZmPytTwvSXMJxKvijN9FCzMXcKxSBbI36hC0fntOuHTNb+gtHNycw\nVgoBEgj1po9yimfliSwuBVGdxxMNlHFimqcDFZ1S9teeyaAxztdD+fb4i+Z6A4BU\n7sJLf9GVYxvE3tZOiL5f2g==\n-----END CERTIFICATE-----\n",
      "type": "string",
      "sensitive": true
    },
    "cluster_endpoint": {
      "value": "34.126.77.141",
      "type": "string",
      "sensitive": true
    }
  },
  "resources": [
    {
      "mode": "managed",
      "type": "google_container_node_pool",
      "name": "node_pool",
      "provider": "provider[\"registry.terraform.io/hashicorp/google\"]",
      "instances": [
        {
          "schema_version": 1,
          "attributes": {
            "autoscaling": [
              {
                "max_node_count": 3,
                "min_node_count": 1
              }
            ],
            "cluster": "terraform-gke",
            "id": "projects/peerprep-330408/locations/asia-southeast1-a/clusters/terraform-gke/nodePools/private-pool",
            "initial_node_count": 1,
            "instance_group_urls": [
              "https://www.googleapis.com/compute/v1/projects/peerprep-330408/zones/asia-southeast1-a/instanceGroupManagers/gke-terraform-gke-private-pool-593478a1-grp"
            ],
            "location": "asia-southeast1-a",
            "management": [
              {
                "auto_repair": true,
                "auto_upgrade": true
              }
            ],
            "max_pods_per_node": 110,
            "name": "private-pool",
            "name_prefix": "",
            "node_config": [
              {
                "disk_size_gb": 30,
                "disk_type": "pd-standard",
                "guest_accelerator": [],
                "image_type": "COS",
                "labels": {
                  "private-pools-example": "true"
                },
                "local_ssd_count": 0,
                "machine_type": "n1-standard-1",
                "metadata": {
                  "disable-legacy-endpoints": "true"
                },
                "min_cpu_platform": "",
                "oauth_scopes": [
                  "https://www.googleapis.com/auth/cloud-platform",
                  "https://www.googleapis.com/auth/devstorage.read_only",
                  "https://www.googleapis.com/auth/logging.write",
                  "https://www.googleapis.com/auth/monitoring",
                  "https://www.googleapis.com/auth/service.management.readonly",
                  "https://www.googleapis.com/auth/servicecontrol",
                  "https://www.googleapis.com/auth/trace.append"
                ],
                "preemptible": false,
                "service_account": "terraform-gke-sa@peerprep-330408.iam.gserviceaccount.com",
                "shielded_instance_config": [
                  {
                    "enable_integrity_monitoring": true,
                    "enable_secure_boot": false
                  }
                ],
                "tags": [
                  "private",
                  "private-pool-example"
                ],
                "taint": [],
                "workload_metadata_config": []
              }
            ],
            "node_count": 2,
            "node_locations": [
              "asia-southeast1-a"
            ],
            "operation": null,
            "project": "peerprep-330408",
            "timeouts": {
              "create": "30m",
              "delete": "30m",
              "update": "30m"
            },
            "upgrade_settings": [
              {
                "max_surge": 1,
                "max_unavailable": 0
              }
            ],
            "version": "1.21.5-gke.1300"
          },
          "sensitive_attributes": [],
          "private": "eyJlMmJmYjczMC1lY2FhLTExZTYtOGY4OC0zNDM2M2JjN2M0YzAiOnsiY3JlYXRlIjoxODAwMDAwMDAwMDAwLCJkZWxldGUiOjE4MDAwMDAwMDAwMDAsInVwZGF0ZSI6MTgwMDAwMDAwMDAwMH0sInNjaGVtYV92ZXJzaW9uIjoiMSJ9",
          "dependencies": [
            "module.gke_cluster.data.google_container_engine_versions.location",
            "module.gke_cluster.google_container_cluster.cluster",
            "module.gke_service_account.google_service_account.service_account",
            "module.vpc_network.google_compute_network.vpc",
            "module.vpc_network.google_compute_subnetwork.vpc_subnetwork_public"
          ]
        }
      ]
    },
    {
      "mode": "managed",
      "type": "google_redis_instance",
      "name": "cache",
      "provider": "provider[\"registry.terraform.io/hashicorp/google\"]",
      "instances": [
        {
          "schema_version": 0,
          "attributes": {
            "alternative_location_id": "",
            "auth_enabled": false,
            "auth_string": "",
            "authorized_network": "projects/peerprep-330408/global/networks/terraform-gke-network-lec7-network",
            "connect_mode": "DIRECT_PEERING",
            "create_time": "2021-10-29T03:34:27.937980720Z",
            "current_location_id": "asia-southeast1-a",
            "display_name": "Match Redis",
            "host": "10.192.111.99",
            "id": "projects/peerprep-330408/locations/asia-southeast1/instances/memory-cache",
            "labels": null,
            "location_id": "asia-southeast1-a",
            "memory_size_gb": 1,
            "name": "memory-cache",
            "persistence_iam_identity": "serviceAccount:636333253058-compute@developer.gserviceaccount.com",
            "port": 6379,
            "project": "peerprep-330408",
            "redis_configs": null,
            "redis_version": "REDIS_6_X",
            "region": "asia-southeast1",
            "reserved_ip_range": "10.192.111.96/29",
            "server_ca_certs": [],
            "tier": "BASIC",
            "timeouts": null,
            "transit_encryption_mode": "DISABLED"
          },
          "sensitive_attributes": [],
          "private": "eyJlMmJmYjczMC1lY2FhLTExZTYtOGY4OC0zNDM2M2JjN2M0YzAiOnsiY3JlYXRlIjoxMjAwMDAwMDAwMDAwLCJkZWxldGUiOjEyMDAwMDAwMDAwMDAsInVwZGF0ZSI6MTIwMDAwMDAwMDAwMH19",
          "dependencies": [
            "module.vpc_network.google_compute_network.vpc"
          ]
        }
      ]
    },
    {
      "mode": "managed",
      "type": "random_string",
      "name": "suffix",
      "provider": "provider[\"registry.terraform.io/hashicorp/random\"]",
      "instances": [
        {
          "schema_version": 1,
          "attributes": {
            "id": "lec7",
            "keepers": null,
            "length": 4,
            "lower": true,
            "min_lower": 0,
            "min_numeric": 0,
            "min_special": 0,
            "min_upper": 0,
            "number": true,
            "override_special": null,
            "result": "lec7",
            "special": false,
            "upper": false
          },
          "sensitive_attributes": [],
          "private": "eyJzY2hlbWFfdmVyc2lvbiI6IjEifQ=="
        }
      ]
    },
    {
      "module": "module.gke_cluster",
      "mode": "data",
      "type": "google_container_engine_versions",
      "name": "location",
      "provider": "provider[\"registry.terraform.io/hashicorp/google\"]",
      "instances": [
        {
          "schema_version": 0,
          "attributes": {
            "default_cluster_version": "1.20.10-gke.1600",
            "id": "2021-10-29 03:30:46.884249 +0000 UTC",
            "latest_master_version": "1.21.5-gke.1300",
            "latest_node_version": "1.21.5-gke.1300",
            "location": "asia-southeast1-a",
            "project": "peerprep-330408",
            "release_channel_default_version": {
              "RAPID": "1.21.4-gke.2300",
              "REGULAR": "1.20.10-gke.301",
              "STABLE": "1.19.13-gke.1900"
            },
            "valid_master_versions": [
              "1.21.5-gke.1300",
              "1.21.4-gke.2300",
              "1.21.3-gke.2001",
              "1.20.11-gke.1300",
              "1.20.10-gke.2100",
              "1.20.10-gke.1600",
              "1.20.10-gke.301",
              "1.20.9-gke.2100",
              "1.20.9-gke.1001",
              "1.19.15-gke.1300",
              "1.19.15-gke.500",
              "1.19.14-gke.2300",
              "1.19.14-gke.1900",
              "1.19.14-gke.301",
              "1.19.13-gke.1900",
              "1.19.13-gke.1200"
            ],
            "valid_node_versions": [
              "1.21.5-gke.1300",
              "1.21.4-gke.2300",
              "1.21.3-gke.2001",
              "1.20.11-gke.1300",
              "1.20.10-gke.2100",
              "1.20.10-gke.1600",
              "1.20.10-gke.301",
              "1.20.9-gke.2100",
              "1.20.9-gke.1001",
              "1.20.9-gke.1000",
              "1.20.9-gke.701",
              "1.20.9-gke.700",
              "1.20.8-gke.2101",
              "1.20.8-gke.2100",
              "1.20.8-gke.900",
              "1.20.8-gke.700",
              "1.20.7-gke.2200",
              "1.20.7-gke.1800",
              "1.20.6-gke.1400",
              "1.20.6-gke.1000",
              "1.19.15-gke.1300",
              "1.19.15-gke.500",
              "1.19.14-gke.2300",
              "1.19.14-gke.1900",
              "1.19.14-gke.301",
              "1.19.14-gke.300",
              "1.19.13-gke.1900",
              "1.19.13-gke.1200",
              "1.19.13-gke.701",
              "1.19.13-gke.700",
              "1.19.12-gke.2101",
              "1.19.12-gke.2100",
              "1.19.12-gke.1100",
              "1.19.12-gke.900",
              "1.19.12-gke.700",
              "1.19.11-gke.2101",
              "1.19.11-gke.2100",
              "1.19.11-gke.1701",
              "1.19.11-gke.1700",
              "1.19.10-gke.1701",
              "1.19.10-gke.1700",
              "1.19.10-gke.1601",
              "1.19.10-gke.1600",
              "1.19.10-gke.1001",
              "1.19.10-gke.1000",
              "1.19.9-gke.1900",
              "1.19.9-gke.1400",
              "1.19.9-gke.700",
              "1.19.9-gke.100",
              "1.19.8-gke.2000",
              "1.19.8-gke.1600",
              "1.19.8-gke.1000",
              "1.19.7-gke.2503",
              "1.19.7-gke.1500",
              "1.19.7-gke.1302",
              "1.19.7-gke.800",
              "1.19.6-gke.1700",
              "1.19.6-gke.1100",
              "1.19.6-gke.600",
              "1.18.20-gke.6000",
              "1.18.20-gke.4501",
              "1.18.20-gke.4500",
              "1.18.20-gke.4100",
              "1.18.20-gke.3300",
              "1.18.20-gke.3001",
              "1.18.20-gke.3000",
              "1.18.20-gke.2300",
              "1.18.20-gke.901",
              "1.18.20-gke.900",
              "1.18.20-gke.501",
              "1.18.19-gke.2101",
              "1.18.19-gke.2100",
              "1.18.19-gke.1701",
              "1.18.19-gke.1700",
              "1.18.18-gke.1701",
              "1.18.18-gke.1700",
              "1.18.18-gke.1101",
              "1.18.18-gke.1100",
              "1.18.17-gke.1901",
              "1.18.17-gke.1900",
              "1.18.17-gke.1201",
              "1.18.17-gke.1200",
              "1.18.17-gke.700",
              "1.18.17-gke.100",
              "1.18.16-gke.2100",
              "1.18.16-gke.1201",
              "1.18.16-gke.1200",
              "1.18.16-gke.502",
              "1.18.16-gke.500",
              "1.18.16-gke.302",
              "1.18.16-gke.300",
              "1.18.15-gke.2500",
              "1.18.15-gke.1502",
              "1.18.15-gke.1501",
              "1.18.15-gke.1500",
              "1.18.15-gke.1102",
              "1.18.15-gke.1100",
              "1.18.15-gke.800",
              "1.18.14-gke.1600",
              "1.18.14-gke.1200",
              "1.18.12-gke.1210",
              "1.18.12-gke.1206",
              "1.18.12-gke.1205",
              "1.18.12-gke.1201",
              "1.18.12-gke.1200",
              "1.18.12-gke.300",
              "1.18.10-gke.2701",
              "1.18.10-gke.2101",
              "1.18.10-gke.1500",
              "1.18.10-gke.601",
              "1.18.9-gke.2501",
              "1.18.9-gke.1501",
              "1.18.9-gke.801",
              "1.18.6-gke.4801",
              "1.18.6-gke.3504",
              "1.18.6-gke.3503",
              "1.17.17-gke.9100",
              "1.17.17-gke.8500",
              "1.17.17-gke.8200",
              "1.17.17-gke.7800",
              "1.17.17-gke.7200",
              "1.17.17-gke.6700",
              "1.17.17-gke.6000",
              "1.17.17-gke.5400",
              "1.17.17-gke.4900",
              "1.17.17-gke.4400",
              "1.17.17-gke.3700",
              "1.17.17-gke.3000",
              "1.17.17-gke.2800",
              "1.17.17-gke.2500",
              "1.17.17-gke.1500",
              "1.17.17-gke.1101",
              "1.17.17-gke.1100",
              "1.17.17-gke.600",
              "1.17.16-gke.1600",
              "1.17.16-gke.1300",
              "1.17.15-gke.800",
              "1.17.15-gke.300",
              "1.17.14-gke.1600",
              "1.17.14-gke.1200",
              "1.17.14-gke.400",
              "1.17.13-gke.2600",
              "1.17.13-gke.2001",
              "1.17.13-gke.1401",
              "1.17.13-gke.1400",
              "1.17.13-gke.600",
              "1.17.12-gke.2502",
              "1.17.12-gke.1504",
              "1.17.12-gke.1501",
              "1.17.12-gke.500",
              "1.17.9-gke.6300",
              "1.17.9-gke.1504",
              "1.16.15-gke.14800",
              "1.16.15-gke.12500",
              "1.16.15-gke.11800",
              "1.16.15-gke.10600",
              "1.16.15-gke.7801",
              "1.16.15-gke.7800",
              "1.16.15-gke.7300",
              "1.16.15-gke.6900",
              "1.16.15-gke.6000",
              "1.16.15-gke.5500",
              "1.16.15-gke.4901",
              "1.16.15-gke.4301",
              "1.16.15-gke.4300",
              "1.16.15-gke.3500",
              "1.16.15-gke.2601",
              "1.16.15-gke.1600",
              "1.16.15-gke.500",
              "1.16.13-gke.404",
              "1.16.13-gke.403",
              "1.16.13-gke.401",
              "1.16.13-gke.400",
              "1.16.13-gke.1",
              "1.16.11-gke.5",
              "1.16.10-gke.8",
              "1.16.9-gke.6",
              "1.16.9-gke.2",
              "1.16.8-gke.15",
              "1.16.8-gke.12",
              "1.16.8-gke.9",
              "1.15.12-gke.6002",
              "1.15.12-gke.6001",
              "1.15.12-gke.5000",
              "1.15.12-gke.4002",
              "1.15.12-gke.4000",
              "1.15.12-gke.20",
              "1.15.12-gke.17",
              "1.15.12-gke.16",
              "1.15.12-gke.13",
              "1.15.12-gke.9",
              "1.15.12-gke.6",
              "1.15.12-gke.3",
              "1.15.12-gke.2",
              "1.15.11-gke.17",
              "1.15.11-gke.15",
              "1.15.11-gke.13",
              "1.15.11-gke.12",
              "1.15.11-gke.11",
              "1.15.11-gke.9",
              "1.15.11-gke.5",
              "1.15.11-gke.3",
              "1.15.11-gke.1",
              "1.15.9-gke.26",
              "1.15.9-gke.24",
              "1.15.9-gke.22",
              "1.15.9-gke.12",
              "1.15.9-gke.9",
              "1.15.9-gke.8",
              "1.15.8-gke.3",
              "1.15.8-gke.2",
              "1.15.7-gke.23",
              "1.15.7-gke.2",
              "1.15.4-gke.22",
              "1.14.10-gke.1504",
              "1.14.10-gke.902",
              "1.14.10-gke.50",
              "1.14.10-gke.46",
              "1.14.10-gke.45",
              "1.14.10-gke.42",
              "1.14.10-gke.41",
              "1.14.10-gke.40",
              "1.14.10-gke.37",
              "1.14.10-gke.36",
              "1.14.10-gke.34",
              "1.14.10-gke.32",
              "1.14.10-gke.31",
              "1.14.10-gke.27",
              "1.14.10-gke.24",
              "1.14.10-gke.22",
              "1.14.10-gke.21",
              "1.14.10-gke.17",
              "1.14.10-gke.0",
              "1.14.9-gke.23",
              "1.14.9-gke.2",
              "1.14.9-gke.0",
              "1.14.8-gke.33",
              "1.14.8-gke.21",
              "1.14.8-gke.18",
              "1.14.8-gke.17",
              "1.14.8-gke.14",
              "1.14.8-gke.12",
              "1.14.8-gke.7",
              "1.14.8-gke.2",
              "1.14.7-gke.40",
              "1.14.7-gke.25",
              "1.14.7-gke.23",
              "1.14.7-gke.17",
              "1.14.7-gke.14",
              "1.14.7-gke.10",
              "1.14.6-gke.13",
              "1.14.6-gke.2",
              "1.14.6-gke.1",
              "1.14.3-gke.11",
              "1.14.3-gke.10",
              "1.14.3-gke.9",
              "1.14.2-gke.9",
              "1.14.1-gke.5",
              "1.13.12-gke.30",
              "1.13.12-gke.25",
              "1.13.12-gke.17",
              "1.13.12-gke.16",
              "1.13.12-gke.14",
              "1.13.12-gke.13",
              "1.13.12-gke.10",
              "1.13.12-gke.8",
              "1.13.12-gke.4",
              "1.13.12-gke.2",
              "1.13.11-gke.23",
              "1.13.11-gke.15",
              "1.13.11-gke.14",
              "1.13.11-gke.12",
              "1.13.11-gke.11",
              "1.13.11-gke.9",
              "1.13.11-gke.5",
              "1.13.10-gke.7",
              "1.13.10-gke.0",
              "1.13.9-gke.11",
              "1.13.9-gke.3",
              "1.13.7-gke.24",
              "1.13.7-gke.19",
              "1.13.7-gke.15",
              "1.13.7-gke.8",
              "1.13.7-gke.0",
              "1.13.6-gke.13",
              "1.13.6-gke.6",
              "1.13.6-gke.5",
              "1.13.6-gke.0",
              "1.13.5-gke.10",
              "1.12.10-gke.22",
              "1.12.10-gke.20",
              "1.12.10-gke.19",
              "1.12.10-gke.18",
              "1.12.10-gke.17",
              "1.12.10-gke.15",
              "1.12.10-gke.13",
              "1.12.10-gke.11",
              "1.12.10-gke.5",
              "1.12.9-gke.16",
              "1.12.9-gke.15",
              "1.12.9-gke.13",
              "1.12.9-gke.10",
              "1.12.9-gke.7",
              "1.12.9-gke.3",
              "1.12.8-gke.12",
              "1.12.8-gke.10",
              "1.12.8-gke.7",
              "1.12.8-gke.6",
              "1.12.7-gke.26",
              "1.12.7-gke.25",
              "1.12.7-gke.24",
              "1.12.7-gke.22",
              "1.12.7-gke.21",
              "1.12.7-gke.17",
              "1.12.7-gke.10",
              "1.12.7-gke.7",
              "1.12.6-gke.11",
              "1.12.6-gke.10",
              "1.12.6-gke.7",
              "1.12.5-gke.10",
              "1.12.5-gke.5",
              "1.11.10-gke.6",
              "1.11.10-gke.5"
            ],
            "version_prefix": null
          },
          "sensitive_attributes": []
        }
      ]
    },
    {
      "module": "module.gke_cluster",
      "mode": "managed",
      "type": "google_container_cluster",
      "name": "cluster",
      "provider": "provider[\"registry.terraform.io/hashicorp/google-beta\"]",
      "instances": [
        {
          "schema_version": 1,
          "attributes": {
            "addons_config": [
              {
                "cloudrun_config": [],
                "config_connector_config": [],
                "dns_cache_config": [],
                "gce_persistent_disk_csi_driver_config": [
                  {
                    "enabled": true
                  }
                ],
                "horizontal_pod_autoscaling": [
                  {
                    "disabled": false
                  }
                ],
                "http_load_balancing": [
                  {
                    "disabled": false
                  }
                ],
                "istio_config": [],
                "kalm_config": [],
                "network_policy_config": [
                  {
                    "disabled": false
                  }
                ]
              }
            ],
            "authenticator_groups_config": [],
            "cluster_autoscaling": [
              {
                "auto_provisioning_defaults": [],
                "autoscaling_profile": "BALANCED",
                "enabled": false,
                "resource_limits": []
              }
            ],
            "cluster_ipv4_cidr": "10.4.0.0/20",
            "cluster_telemetry": [
              {
                "type": "ENABLED"
              }
            ],
            "confidential_nodes": [],
            "database_encryption": [
              {
                "key_name": "",
                "state": "DECRYPTED"
              }
            ],
            "datapath_provider": "",
            "default_max_pods_per_node": 110,
            "default_snat_status": [
              {
                "disabled": false
              }
            ],
            "description": "",
            "dns_config": [],
            "enable_autopilot": false,
            "enable_binary_authorization": false,
            "enable_intranode_visibility": false,
            "enable_kubernetes_alpha": false,
            "enable_l4_ilb_subsetting": false,
            "enable_legacy_abac": false,
            "enable_shielded_nodes": false,
            "enable_tpu": false,
            "endpoint": "34.126.77.141",
            "id": "projects/peerprep-330408/locations/asia-southeast1-a/clusters/terraform-gke",
            "initial_node_count": 1,
            "instance_group_urls": [],
            "ip_allocation_policy": [
              {
                "cluster_ipv4_cidr_block": "10.4.0.0/20",
                "cluster_secondary_range_name": "public-cluster",
                "services_ipv4_cidr_block": "10.4.32.0/20",
                "services_secondary_range_name": "public-services"
              }
            ],
            "label_fingerprint": "c3227bfc",
            "location": "asia-southeast1-a",
            "logging_config": [
              {
                "enable_components": [
                  "SYSTEM_COMPONENTS",
                  "WORKLOADS"
                ]
              }
            ],
            "logging_service": "logging.googleapis.com/kubernetes",
            "maintenance_policy": [
              {
                "daily_maintenance_window": [
                  {
                    "duration": "PT4H0M0S",
                    "start_time": "05:00"
                  }
                ],
                "maintenance_exclusion": [],
                "recurring_window": []
              }
            ],
            "master_auth": [
              {
                "client_certificate": "",
                "client_certificate_config": [
                  {
                    "issue_client_certificate": false
                  }
                ],
                "client_key": "",
                "cluster_ca_certificate": "LS0tLS1CRUdJTiBDRVJUSUZJQ0FURS0tLS0tCk1JSUVMRENDQXBTZ0F3SUJBZ0lRY2dUVGlTMTcwMEFWWXBYOXdBVGQ0ekFOQmdrcWhraUc5dzBCQVFzRkFEQXYKTVMwd0t3WURWUVFERXlSaFptTXhObU0yTlMwek1qVTVMVFExWm1NdFlUUTVPUzFqTXpZeVpUQmpaVFkwTkRndwpJQmNOTWpFeE1ESTVNREkwTURReldoZ1BNakExTVRFd01qSXdNelF3TkROYU1DOHhMVEFyQmdOVkJBTVRKR0ZtCll6RTJZelkxTFRNeU5Ua3RORFZtWXkxaE5EazVMV016TmpKbE1HTmxOalEwT0RDQ0FhSXdEUVlKS29aSWh2Y04KQVFFQkJRQURnZ0dQQURDQ0FZb0NnZ0dCQU1aRVFNQXpXZXdkaGtEYk5YLysrQzRVNWExdWtKdjhhVDhxZldSWApDYnVyNUJOVW5zd0tnNUFtbEtFYWpKbmZtNElsdlVwZElXNWErUkQxZ1dicDAvRXNxRUJ0RUdQNnZKcFhZYlpECnNvR1o2TTd3c0lTT2xraWQyKzJzc25SWHJ1T2s2Vm5mWGJCUUR3ZnJlN3ZENmFMZ1VyOXBWMnQxc2tHN2hNK0UKUXI5QVI4SmxmeGlVdEZYcFRONlkrYWxialNhSkQzbU5KOEJWWHV6dVNFSXJoeVUyRjA1LzVrT1dIZVRQZFpUWApJbys3SXpGdlpYSTZHUUhSSU91cTMrVEdJWmxQaHpKY0owZkRLMitjdjdua0k4dDhMaEo5cmtTNkNCRkpYdWYvCmdNc3dxRzNxbjRCTlZxMTdqeDdQUWJpbGZOODR2ZGo4c1NlZE45SHZacklJQjYvZDdQTGxDZjY0LytoTDNCZHkKajhTMCtmSVV6UWZ0TWM0YVNhcnZkQW1yd0JxYXAyR09pYTFIOG83SXhZemt2UElhUmVaR0dRM2FuWVpTUmFSTQpoTXJlOVJiTW9uajE2cGNIUUhwQmg3U01xcDg4ZHdTVDBldGRlUnBNMUxUVWpsT0xnSzVrMWlKQ2JtNkI4SjdwCndBMitVUFRNQ09LNkV3VVM5a1J4eFdtSUhRSURBUUFCbzBJd1FEQU9CZ05WSFE4QkFmOEVCQU1DQWdRd0R3WUQKVlIwVEFRSC9CQVV3QXdFQi96QWRCZ05WSFE0RUZnUVUyOTlNa2JPRllYWXFFN0RyNFFkM1V3aEJiRzB3RFFZSgpLb1pJaHZjTkFRRUxCUUFEZ2dHQkFIUEh0MEN1bDV6TWpmb21GQmZJVldtZmYzcS9xVXlZeDkwTnMweDdJaXd6CllHN3VVWmYwdzFkV1ZuQlFoOFJidkM2QldNNXVZRUo4Ry9yYXBqV2o5UmRib1dGOTdTckxtZFh3N1BHWnB6SG8KMnJVSjlGUS90cVVJRzdOQ1E5UkFzQUNpcUFXeDRneUhlNWZBMmpnUHJEWXBNQjRmbU54cm53Tzl3RlYrSVhMNQppSHhIY1ZKWFIwdFA4RVl6MXpMZ2ZVYlpjNlFkS1FyVUpCUjQ5N3BuZ29NQmxvb2RySWlwUng0TUYyTjlnYVYzCjM3SVp0MWdQYjNEN05oNWZ5OWI1V1JYd0VTblNURloxSEQxQUtiWDRucmxyak4wWmJCVWtFaGhKdXZRT1FhamMKZWNPdFJUYjR6S05jTGhkNjBuOGtZamhXWXhHOGJsUCtiZ0s5MTEzb2tTYmJremVKTFU1TmovOVdzZGVtV0QrLwpKUGpiMTJTaytiaFptUHl0VHd2U1hNSnhLdmlqTjlGQ3pNWGNLeFNCYkkzNmhDMGZudE91SFROYitndEhOeWN3ClZnb0JFZ2oxcG85eWltZmxpU3d1QlZHZHh4TU5sSEZpbXFjREZaMVM5dGVleWFBeHp0ZEQrZmI0aStaNkE0QlUKN3NKTGY5R1ZZeHZFM3RaT2lMNWYyZz09Ci0tLS0tRU5EIENFUlRJRklDQVRFLS0tLS0K",
                "password": "",
                "username": ""
              }
            ],
            "master_authorized_networks_config": [],
            "master_version": "1.21.5-gke.1300",
            "min_master_version": "1.21.5-gke.1300",
            "monitoring_config": [
              {
                "enable_components": [
                  "SYSTEM_COMPONENTS"
                ]
              }
            ],
            "monitoring_service": "monitoring.googleapis.com/kubernetes",
            "name": "terraform-gke",
            "network": "projects/peerprep-330408/global/networks/terraform-gke-network-lec7-network",
            "network_policy": [
              {
                "enabled": true,
                "provider": "CALICO"
              }
            ],
            "networking_mode": "VPC_NATIVE",
            "node_config": [],
            "node_locations": [],
            "node_pool": [],
            "node_version": "1.21.5-gke.1300",
            "notification_config": [
              {
                "pubsub": [
                  {
                    "enabled": false,
                    "topic": ""
                  }
                ]
              }
            ],
            "operation": null,
            "pod_security_policy_config": [
              {
                "enabled": false
              }
            ],
            "private_cluster_config": [
              {
                "enable_private_endpoint": false,
                "enable_private_nodes": true,
                "master_global_access_config": [
                  {
                    "enabled": false
                  }
                ],
                "master_ipv4_cidr_block": "10.5.0.0/28",
                "peering_name": "gke-nde590359842bf236c56-77a0-b4f9-peer",
                "private_endpoint": "10.5.0.2",
                "public_endpoint": "34.126.77.141"
              }
            ],
            "private_ipv6_google_access": "",
            "project": "peerprep-330408",
            "release_channel": [
              {
                "channel": "UNSPECIFIED"
              }
            ],
            "remove_default_node_pool": true,
            "resource_labels": {
              "environment": "testing"
            },
            "resource_usage_export_config": [],
            "self_link": "https://container.googleapis.com/v1beta1/projects/peerprep-330408/zones/asia-southeast1-a/clusters/terraform-gke",
            "services_ipv4_cidr": "10.4.32.0/20",
            "subnetwork": "projects/peerprep-330408/regions/asia-southeast1/subnetworks/terraform-gke-network-lec7-subnetwork-public",
            "timeouts": null,
            "tpu_ipv4_cidr_block": "",
            "vertical_pod_autoscaling": [
              {
                "enabled": true
              }
            ],
            "workload_identity_config": []
          },
          "sensitive_attributes": [],
          "private": "eyJlMmJmYjczMC1lY2FhLTExZTYtOGY4OC0zNDM2M2JjN2M0YzAiOnsiY3JlYXRlIjoyNDAwMDAwMDAwMDAwLCJkZWxldGUiOjI0MDAwMDAwMDAwMDAsInJlYWQiOjI0MDAwMDAwMDAwMDAsInVwZGF0ZSI6MzYwMDAwMDAwMDAwMH0sInNjaGVtYV92ZXJzaW9uIjoiMSJ9",
          "dependencies": [
            "module.gke_cluster.data.google_container_engine_versions.location",
            "module.vpc_network.google_compute_network.vpc",
            "module.vpc_network.google_compute_subnetwork.vpc_subnetwork_public"
          ]
        }
      ]
    },
    {
      "module": "module.gke_service_account",
      "mode": "managed",
      "type": "google_project_iam_member",
      "name": "service_account-roles",
      "provider": "provider[\"registry.terraform.io/hashicorp/google\"]",
      "instances": [
        {
          "index_key": "roles/logging.logWriter",
          "schema_version": 0,
          "attributes": {
            "condition": [],
            "etag": "BwXPcz2HBps=",
            "id": "peerprep-330408/roles/logging.logWriter/serviceAccount:terraform-gke-sa@peerprep-330408.iam.gserviceaccount.com",
            "member": "serviceAccount:terraform-gke-sa@peerprep-330408.iam.gserviceaccount.com",
            "project": "peerprep-330408",
            "role": "roles/logging.logWriter"
          },
          "sensitive_attributes": [],
          "private": "bnVsbA==",
          "dependencies": [
            "module.gke_service_account.google_service_account.service_account"
          ]
        },
        {
          "index_key": "roles/monitoring.metricWriter",
          "schema_version": 0,
          "attributes": {
            "condition": [],
            "etag": "BwXPcz2HBps=",
            "id": "peerprep-330408/roles/monitoring.metricWriter/serviceAccount:terraform-gke-sa@peerprep-330408.iam.gserviceaccount.com",
            "member": "serviceAccount:terraform-gke-sa@peerprep-330408.iam.gserviceaccount.com",
            "project": "peerprep-330408",
            "role": "roles/monitoring.metricWriter"
          },
          "sensitive_attributes": [],
          "private": "bnVsbA==",
          "dependencies": [
            "module.gke_service_account.google_service_account.service_account"
          ]
        },
        {
          "index_key": "roles/monitoring.viewer",
          "schema_version": 0,
          "attributes": {
            "condition": [],
            "etag": "BwXPcz2HBps=",
            "id": "peerprep-330408/roles/monitoring.viewer/serviceAccount:terraform-gke-sa@peerprep-330408.iam.gserviceaccount.com",
            "member": "serviceAccount:terraform-gke-sa@peerprep-330408.iam.gserviceaccount.com",
            "project": "peerprep-330408",
            "role": "roles/monitoring.viewer"
          },
          "sensitive_attributes": [],
          "private": "bnVsbA==",
          "dependencies": [
            "module.gke_service_account.google_service_account.service_account"
          ]
        },
        {
          "index_key": "roles/stackdriver.resourceMetadata.writer",
          "schema_version": 0,
          "attributes": {
            "condition": [],
            "etag": "BwXPcz2HBps=",
            "id": "peerprep-330408/roles/stackdriver.resourceMetadata.writer/serviceAccount:terraform-gke-sa@peerprep-330408.iam.gserviceaccount.com",
            "member": "serviceAccount:terraform-gke-sa@peerprep-330408.iam.gserviceaccount.com",
            "project": "peerprep-330408",
            "role": "roles/stackdriver.resourceMetadata.writer"
          },
          "sensitive_attributes": [],
          "private": "bnVsbA==",
          "dependencies": [
            "module.gke_service_account.google_service_account.service_account"
          ]
        }
      ]
    },
    {
      "module": "module.gke_service_account",
      "mode": "managed",
      "type": "google_service_account",
      "name": "service_account",
      "provider": "provider[\"registry.terraform.io/hashicorp/google\"]",
      "instances": [
        {
          "schema_version": 0,
          "attributes": {
            "account_id": "terraform-gke-sa",
            "description": "",
            "disabled": false,
            "display_name": "Example GKE Cluster Service Account managed by Terraform",
            "email": "terraform-gke-sa@peerprep-330408.iam.gserviceaccount.com",
            "id": "projects/peerprep-330408/serviceAccounts/terraform-gke-sa@peerprep-330408.iam.gserviceaccount.com",
            "name": "projects/peerprep-330408/serviceAccounts/terraform-gke-sa@peerprep-330408.iam.gserviceaccount.com",
            "project": "peerprep-330408",
            "timeouts": null,
            "unique_id": "111607058713919975730"
          },
          "sensitive_attributes": [],
          "private": "eyJlMmJmYjczMC1lY2FhLTExZTYtOGY4OC0zNDM2M2JjN2M0YzAiOnsiY3JlYXRlIjozMDAwMDAwMDAwMDB9fQ=="
        }
      ]
    },
    {
      "module": "module.vpc_network",
      "mode": "managed",
      "type": "google_compute_network",
      "name": "vpc",
      "provider": "provider[\"registry.terraform.io/hashicorp/google\"]",
      "instances": [
        {
          "schema_version": 0,
          "attributes": {
            "auto_create_subnetworks": false,
            "delete_default_routes_on_create": false,
            "description": "",
            "gateway_ipv4": "",
            "id": "projects/peerprep-330408/global/networks/terraform-gke-network-lec7-network",
            "mtu": 0,
            "name": "terraform-gke-network-lec7-network",
            "project": "peerprep-330408",
            "routing_mode": "REGIONAL",
            "self_link": "https://www.googleapis.com/compute/v1/projects/peerprep-330408/global/networks/terraform-gke-network-lec7-network",
            "timeouts": null
          },
          "sensitive_attributes": [],
          "private": "eyJlMmJmYjczMC1lY2FhLTExZTYtOGY4OC0zNDM2M2JjN2M0YzAiOnsiY3JlYXRlIjoyNDAwMDAwMDAwMDAsImRlbGV0ZSI6MjQwMDAwMDAwMDAwLCJ1cGRhdGUiOjI0MDAwMDAwMDAwMH19",
          "dependencies": [
            "random_string.suffix"
          ]
        }
      ]
    },
    {
      "module": "module.vpc_network",
      "mode": "managed",
      "type": "google_compute_router",
      "name": "vpc_router",
      "provider": "provider[\"registry.terraform.io/hashicorp/google\"]",
      "instances": [
        {
          "schema_version": 0,
          "attributes": {
            "bgp": [],
            "creation_timestamp": "2021-10-28T17:52:30.097-07:00",
            "description": "",
            "id": "projects/peerprep-330408/regions/asia-southeast1/routers/terraform-gke-network-lec7-router",
            "name": "terraform-gke-network-lec7-router",
            "network": "https://www.googleapis.com/compute/v1/projects/peerprep-330408/global/networks/terraform-gke-network-lec7-network",
            "project": "peerprep-330408",
            "region": "asia-southeast1",
            "self_link": "https://www.googleapis.com/compute/v1/projects/peerprep-330408/regions/asia-southeast1/routers/terraform-gke-network-lec7-router",
            "timeouts": null
          },
          "sensitive_attributes": [],
          "private": "eyJlMmJmYjczMC1lY2FhLTExZTYtOGY4OC0zNDM2M2JjN2M0YzAiOnsiY3JlYXRlIjoyNDAwMDAwMDAwMDAsImRlbGV0ZSI6MjQwMDAwMDAwMDAwLCJ1cGRhdGUiOjI0MDAwMDAwMDAwMH19",
          "dependencies": [
            "module.vpc_network.google_compute_network.vpc",
            "random_string.suffix"
          ]
        }
      ]
    },
    {
      "module": "module.vpc_network",
      "mode": "managed",
      "type": "google_compute_router_nat",
      "name": "vpc_nat",
      "provider": "provider[\"registry.terraform.io/hashicorp/google\"]",
      "instances": [
        {
          "schema_version": 0,
          "attributes": {
            "drain_nat_ips": [],
            "enable_endpoint_independent_mapping": true,
            "icmp_idle_timeout_sec": 30,
            "id": "peerprep-330408/asia-southeast1/terraform-gke-network-lec7-router/terraform-gke-network-lec7-nat",
            "log_config": [],
            "min_ports_per_vm": 0,
            "name": "terraform-gke-network-lec7-nat",
            "nat_ip_allocate_option": "AUTO_ONLY",
            "nat_ips": [],
            "project": "peerprep-330408",
            "region": "asia-southeast1",
            "router": "terraform-gke-network-lec7-router",
            "source_subnetwork_ip_ranges_to_nat": "LIST_OF_SUBNETWORKS",
            "subnetwork": [
              {
                "name": "https://www.googleapis.com/compute/v1/projects/peerprep-330408/regions/asia-southeast1/subnetworks/terraform-gke-network-lec7-subnetwork-public",
                "secondary_ip_range_names": [],
                "source_ip_ranges_to_nat": [
                  "ALL_IP_RANGES"
                ]
              }
            ],
            "tcp_established_idle_timeout_sec": 1200,
            "tcp_transitory_idle_timeout_sec": 30,
            "timeouts": null,
            "udp_idle_timeout_sec": 30
          },
          "sensitive_attributes": [],
          "private": "eyJlMmJmYjczMC1lY2FhLTExZTYtOGY4OC0zNDM2M2JjN2M0YzAiOnsiY3JlYXRlIjo2MDAwMDAwMDAwMDAsImRlbGV0ZSI6NjAwMDAwMDAwMDAwLCJ1cGRhdGUiOjYwMDAwMDAwMDAwMH19",
          "dependencies": [
            "module.vpc_network.google_compute_subnetwork.vpc_subnetwork_public",
            "random_string.suffix",
            "module.vpc_network.google_compute_network.vpc",
            "module.vpc_network.google_compute_router.vpc_router"
          ]
        }
      ]
    },
    {
      "module": "module.vpc_network",
      "mode": "managed",
      "type": "google_compute_subnetwork",
      "name": "vpc_subnetwork_private",
      "provider": "provider[\"registry.terraform.io/hashicorp/google\"]",
      "instances": [
        {
          "schema_version": 0,
          "attributes": {
            "creation_timestamp": "2021-10-28T17:52:30.201-07:00",
            "description": "",
            "external_ipv6_prefix": "",
            "fingerprint": null,
            "gateway_address": "10.3.16.1",
            "id": "projects/peerprep-330408/regions/asia-southeast1/subnetworks/terraform-gke-network-lec7-subnetwork-private",
            "ip_cidr_range": "10.3.16.0/20",
            "ipv6_access_type": "",
            "ipv6_cidr_range": "",
            "log_config": [
              {
                "aggregation_interval": "INTERVAL_10_MIN",
                "filter_expr": "true",
                "flow_sampling": 0.5,
                "metadata": "INCLUDE_ALL_METADATA",
                "metadata_fields": []
              }
            ],
            "name": "terraform-gke-network-lec7-subnetwork-private",
            "network": "https://www.googleapis.com/compute/v1/projects/peerprep-330408/global/networks/terraform-gke-network-lec7-network",
            "private_ip_google_access": true,
            "private_ipv6_google_access": "DISABLE_GOOGLE_ACCESS",
            "project": "peerprep-330408",
            "purpose": "PRIVATE",
            "region": "asia-southeast1",
            "role": "",
            "secondary_ip_range": [
              {
                "ip_cidr_range": "10.4.16.0/20",
                "range_name": "private-services"
              }
            ],
            "self_link": "https://www.googleapis.com/compute/v1/projects/peerprep-330408/regions/asia-southeast1/subnetworks/terraform-gke-network-lec7-subnetwork-private",
            "stack_type": "IPV4_ONLY",
            "timeouts": null
          },
          "sensitive_attributes": [],
          "private": "eyJlMmJmYjczMC1lY2FhLTExZTYtOGY4OC0zNDM2M2JjN2M0YzAiOnsiY3JlYXRlIjozNjAwMDAwMDAwMDAsImRlbGV0ZSI6MzYwMDAwMDAwMDAwLCJ1cGRhdGUiOjM2MDAwMDAwMDAwMH19",
          "dependencies": [
            "module.vpc_network.google_compute_network.vpc",
            "random_string.suffix"
          ]
        }
      ]
    },
    {
      "module": "module.vpc_network",
      "mode": "managed",
      "type": "google_compute_subnetwork",
      "name": "vpc_subnetwork_public",
      "provider": "provider[\"registry.terraform.io/hashicorp/google\"]",
      "instances": [
        {
          "schema_version": 0,
          "attributes": {
            "creation_timestamp": "2021-10-28T17:52:30.486-07:00",
            "description": "",
            "external_ipv6_prefix": "",
            "fingerprint": null,
            "gateway_address": "10.3.0.1",
            "id": "projects/peerprep-330408/regions/asia-southeast1/subnetworks/terraform-gke-network-lec7-subnetwork-public",
            "ip_cidr_range": "10.3.0.0/20",
            "ipv6_access_type": "",
            "ipv6_cidr_range": "",
            "log_config": [
              {
                "aggregation_interval": "INTERVAL_10_MIN",
                "filter_expr": "true",
                "flow_sampling": 0.5,
                "metadata": "INCLUDE_ALL_METADATA",
                "metadata_fields": []
              }
            ],
            "name": "terraform-gke-network-lec7-subnetwork-public",
            "network": "https://www.googleapis.com/compute/v1/projects/peerprep-330408/global/networks/terraform-gke-network-lec7-network",
            "private_ip_google_access": true,
            "private_ipv6_google_access": "DISABLE_GOOGLE_ACCESS",
            "project": "peerprep-330408",
            "purpose": "PRIVATE",
            "region": "asia-southeast1",
            "role": "",
            "secondary_ip_range": [
              {
                "ip_cidr_range": "10.4.0.0/20",
                "range_name": "public-cluster"
              },
              {
                "ip_cidr_range": "10.4.32.0/20",
                "range_name": "public-services"
              }
            ],
            "self_link": "https://www.googleapis.com/compute/v1/projects/peerprep-330408/regions/asia-southeast1/subnetworks/terraform-gke-network-lec7-subnetwork-public",
            "stack_type": "IPV4_ONLY",
            "timeouts": null
          },
          "sensitive_attributes": [],
          "private": "eyJlMmJmYjczMC1lY2FhLTExZTYtOGY4OC0zNDM2M2JjN2M0YzAiOnsiY3JlYXRlIjozNjAwMDAwMDAwMDAsImRlbGV0ZSI6MzYwMDAwMDAwMDAwLCJ1cGRhdGUiOjM2MDAwMDAwMDAwMH19",
          "dependencies": [
            "module.vpc_network.google_compute_network.vpc",
            "random_string.suffix"
          ]
        }
      ]
    },
    {
      "module": "module.vpc_network.module.network_firewall",
      "mode": "data",
      "type": "google_compute_subnetwork",
      "name": "private_subnetwork",
      "provider": "provider[\"registry.terraform.io/hashicorp/google\"]",
      "instances": [
        {
          "schema_version": 0,
          "attributes": {
            "description": "",
            "gateway_address": "10.3.16.1",
            "id": "projects/peerprep-330408/regions/asia-southeast1/subnetworks/terraform-gke-network-lec7-subnetwork-private",
            "ip_cidr_range": "10.3.16.0/20",
            "name": "terraform-gke-network-lec7-subnetwork-private",
            "network": "https://www.googleapis.com/compute/v1/projects/peerprep-330408/global/networks/terraform-gke-network-lec7-network",
            "private_ip_google_access": true,
            "project": "peerprep-330408",
            "region": "asia-southeast1",
            "secondary_ip_range": [
              {
                "ip_cidr_range": "10.4.16.0/20",
                "range_name": "private-services"
              }
            ],
            "self_link": "https://www.googleapis.com/compute/v1/projects/peerprep-330408/regions/asia-southeast1/subnetworks/terraform-gke-network-lec7-subnetwork-private"
          },
          "sensitive_attributes": []
        }
      ]
    },
    {
      "module": "module.vpc_network.module.network_firewall",
      "mode": "data",
      "type": "google_compute_subnetwork",
      "name": "public_subnetwork",
      "provider": "provider[\"registry.terraform.io/hashicorp/google\"]",
      "instances": [
        {
          "schema_version": 0,
          "attributes": {
            "description": "",
            "gateway_address": "10.3.0.1",
            "id": "projects/peerprep-330408/regions/asia-southeast1/subnetworks/terraform-gke-network-lec7-subnetwork-public",
            "ip_cidr_range": "10.3.0.0/20",
            "name": "terraform-gke-network-lec7-subnetwork-public",
            "network": "https://www.googleapis.com/compute/v1/projects/peerprep-330408/global/networks/terraform-gke-network-lec7-network",
            "private_ip_google_access": true,
            "project": "peerprep-330408",
            "region": "asia-southeast1",
            "secondary_ip_range": [
              {
                "ip_cidr_range": "10.4.0.0/20",
                "range_name": "public-cluster"
              },
              {
                "ip_cidr_range": "10.4.32.0/20",
                "range_name": "public-services"
              }
            ],
            "self_link": "https://www.googleapis.com/compute/v1/projects/peerprep-330408/regions/asia-southeast1/subnetworks/terraform-gke-network-lec7-subnetwork-public"
          },
          "sensitive_attributes": []
        }
      ]
    },
    {
      "module": "module.vpc_network.module.network_firewall",
      "mode": "managed",
      "type": "google_compute_firewall",
      "name": "private_allow_all_network_inbound",
      "provider": "provider[\"registry.terraform.io/hashicorp/google\"]",
      "instances": [
        {
          "schema_version": 1,
          "attributes": {
            "allow": [
              {
                "ports": [],
                "protocol": "all"
              }
            ],
            "creation_timestamp": "2021-10-28T17:53:03.803-07:00",
            "deny": [],
            "description": "",
            "destination_ranges": [],
            "direction": "INGRESS",
            "disabled": false,
            "enable_logging": null,
            "id": "projects/peerprep-330408/global/firewalls/terraform-gke-network-lec7-private-allow-ingress",
            "log_config": [],
            "name": "terraform-gke-network-lec7-private-allow-ingress",
            "network": "https://www.googleapis.com/compute/v1/projects/peerprep-330408/global/networks/terraform-gke-network-lec7-network",
            "priority": 1000,
            "project": "peerprep-330408",
            "self_link": "https://www.googleapis.com/compute/v1/projects/peerprep-330408/global/firewalls/terraform-gke-network-lec7-private-allow-ingress",
            "source_ranges": [
              "10.3.0.0/20",
              "10.3.16.0/20",
              "10.4.0.0/20",
              "10.4.16.0/20",
              "10.4.32.0/20"
            ],
            "source_service_accounts": [],
            "source_tags": [],
            "target_service_accounts": [],
            "target_tags": [
              "private"
            ],
            "timeouts": null
          },
          "sensitive_attributes": [],
          "private": "eyJlMmJmYjczMC1lY2FhLTExZTYtOGY4OC0zNDM2M2JjN2M0YzAiOnsiY3JlYXRlIjoyNDAwMDAwMDAwMDAsImRlbGV0ZSI6MjQwMDAwMDAwMDAwLCJ1cGRhdGUiOjI0MDAwMDAwMDAwMH0sInNjaGVtYV92ZXJzaW9uIjoiMSJ9",
          "dependencies": [
            "module.vpc_network.module.network_firewall.data.google_compute_subnetwork.public_subnetwork",
            "random_string.suffix",
            "module.vpc_network.google_compute_network.vpc",
            "module.vpc_network.google_compute_subnetwork.vpc_subnetwork_private",
            "module.vpc_network.google_compute_subnetwork.vpc_subnetwork_public",
            "module.vpc_network.module.network_firewall.data.google_compute_subnetwork.private_subnetwork"
          ]
        }
      ]
    },
    {
      "module": "module.vpc_network.module.network_firewall",
      "mode": "managed",
      "type": "google_compute_firewall",
      "name": "private_allow_restricted_network_inbound",
      "provider": "provider[\"registry.terraform.io/hashicorp/google\"]",
      "instances": [
        {
          "schema_version": 1,
          "attributes": {
            "allow": [
              {
                "ports": [],
                "protocol": "all"
              }
            ],
            "creation_timestamp": "2021-10-28T17:52:29.710-07:00",
            "deny": [],
            "description": "",
            "destination_ranges": [],
            "direction": "INGRESS",
            "disabled": false,
            "enable_logging": null,
            "id": "projects/peerprep-330408/global/firewalls/terraform-gke-network-lec7-allow-restricted-inbound",
            "log_config": [],
            "name": "terraform-gke-network-lec7-allow-restricted-inbound",
            "network": "https://www.googleapis.com/compute/v1/projects/peerprep-330408/global/networks/terraform-gke-network-lec7-network",
            "priority": 1000,
            "project": "peerprep-330408",
            "self_link": "https://www.googleapis.com/compute/v1/projects/peerprep-330408/global/firewalls/terraform-gke-network-lec7-allow-restricted-inbound",
            "source_ranges": [],
            "source_service_accounts": [],
            "source_tags": [
              "private",
              "private-persistence"
            ],
            "target_service_accounts": [],
            "target_tags": [
              "private-persistence"
            ],
            "timeouts": null
          },
          "sensitive_attributes": [],
          "private": "eyJlMmJmYjczMC1lY2FhLTExZTYtOGY4OC0zNDM2M2JjN2M0YzAiOnsiY3JlYXRlIjoyNDAwMDAwMDAwMDAsImRlbGV0ZSI6MjQwMDAwMDAwMDAwLCJ1cGRhdGUiOjI0MDAwMDAwMDAwMH0sInNjaGVtYV92ZXJzaW9uIjoiMSJ9",
          "dependencies": [
            "module.vpc_network.google_compute_network.vpc",
            "random_string.suffix"
          ]
        }
      ]
    },
    {
      "module": "module.vpc_network.module.network_firewall",
      "mode": "managed",
      "type": "google_compute_firewall",
      "name": "public_allow_all_inbound",
      "provider": "provider[\"registry.terraform.io/hashicorp/google\"]",
      "instances": [
        {
          "schema_version": 1,
          "attributes": {
            "allow": [
              {
                "ports": [],
                "protocol": "all"
              }
            ],
            "creation_timestamp": "2021-10-28T17:52:30.252-07:00",
            "deny": [],
            "description": "",
            "destination_ranges": [],
            "direction": "INGRESS",
            "disabled": false,
            "enable_logging": null,
            "id": "projects/peerprep-330408/global/firewalls/terraform-gke-network-lec7-public-allow-ingress",
            "log_config": [],
            "name": "terraform-gke-network-lec7-public-allow-ingress",
            "network": "https://www.googleapis.com/compute/v1/projects/peerprep-330408/global/networks/terraform-gke-network-lec7-network",
            "priority": 1000,
            "project": "peerprep-330408",
            "self_link": "https://www.googleapis.com/compute/v1/projects/peerprep-330408/global/firewalls/terraform-gke-network-lec7-public-allow-ingress",
            "source_ranges": [
              "0.0.0.0/0"
            ],
            "source_service_accounts": [],
            "source_tags": [],
            "target_service_accounts": [],
            "target_tags": [
              "public"
            ],
            "timeouts": null
          },
          "sensitive_attributes": [],
          "private": "eyJlMmJmYjczMC1lY2FhLTExZTYtOGY4OC0zNDM2M2JjN2M0YzAiOnsiY3JlYXRlIjoyNDAwMDAwMDAwMDAsImRlbGV0ZSI6MjQwMDAwMDAwMDAwLCJ1cGRhdGUiOjI0MDAwMDAwMDAwMH0sInNjaGVtYV92ZXJzaW9uIjoiMSJ9",
          "dependencies": [
            "module.vpc_network.google_compute_network.vpc",
            "random_string.suffix"
          ]
        }
      ]
    }
  ]
}
